<?xml version="1.0" encoding="utf-8"?>
<Project ToolsVersion="15.0" xmlns="http://schemas.microsoft.com/developer/msbuild/2003">
  <ItemGroup>
    <ClCompile Include="..\..\relic\test\test_fb.c" />
  </ItemGroup>
  <ItemGroup>
    <Filter Include="Source Files">
      <UniqueIdentifier>{106342D5-760F-3BF0-9CDD-0FDD7BB0D13F}</UniqueIdentifier>
    </Filter>
  </ItemGroup>
</Project>