Microsoft Visual Studio Solution File, Format Version 12.00
# Visual Studio 15
VisualStudioVersion = 15.0.27703.2042
MinimumVisualStudioVersion = 10.0.40219.1
Project("{8BC9CEB8-8B4A-11D0-8D11-00A0C91BC942}") = "bench_bn", "bench\bench_bn.vcxproj", "{8302D57E-971D-31E3-A19C-4E0B8CA2ED15}"
	ProjectSection(ProjectDependencies) = postProject
		{7D232DDC-8386-3B1C-8BF4-8EE3F9DB2DBA} = {7D232DDC-8386-3B1C-8BF4-8EE3F9DB2DBA}
	EndProjectSection
EndProject
Project("{8BC9CEB8-8B4A-11D0-8D11-00A0C91BC942}") = "bench_cp", "bench\bench_cp.vcxproj", "{F5082558-5E55-3CE0-B798-BF7B1A8AF37B}"
	ProjectSection(ProjectDependencies) = postProject
		{7D232DDC-8386-3B1C-8BF4-8EE3F9DB2DBA} = {7D232DDC-8386-3B1C-8BF4-8EE3F9DB2DBA}
	EndProjectSection
EndProject
Project("{8BC9CEB8-8B4A-11D0-8D11-00A0C91BC942}") = "bench_dv", "bench\bench_dv.vcxproj", "{A864436F-5C06-348D-B32D-0CDB3E5D3CCF}"
	ProjectSection(ProjectDependencies) = postProject
		{7D232DDC-8386-3B1C-8BF4-8EE3F9DB2DBA} = {7D232DDC-8386-3B1C-8BF4-8EE3F9DB2DBA}
	EndProjectSection
EndProject
Project("{8BC9CEB8-8B4A-11D0-8D11-00A0C91BC942}") = "bench_eb", "bench\bench_eb.vcxproj", "{4A81EDEC-066E-3650-969D-B3F3E782D32B}"
	ProjectSection(ProjectDependencies) = postProject
		{7D232DDC-8386-3B1C-8BF4-8EE3F9DB2DBA} = {7D232DDC-8386-3B1C-8BF4-8EE3F9DB2DBA}
	EndProjectSection
EndProject
Project("{8BC9CEB8-8B4A-11D0-8D11-00A0C91BC942}") = "bench_ec", "bench\bench_ec.vcxproj", "{CB14B71C-52C1-3EAA-81DF-09BEA3E748AC}"
	ProjectSection(ProjectDependencies) = postProject
		{7D232DDC-8386-3B1C-8BF4-8EE3F9DB2DBA} = {7D232DDC-8386-3B1C-8BF4-8EE3F9DB2DBA}
	EndProjectSection
EndProject
Project("{8BC9CEB8-8B4A-11D0-8D11-00A0C91BC942}") = "bench_ed", "bench\bench_ed.vcxproj", "{8619FEFA-5767-3C9E-AFA0-4A72F90EE413}"
	ProjectSection(ProjectDependencies) = postProject
		{7D232DDC-8386-3B1C-8BF4-8EE3F9DB2DBA} = {7D232DDC-8386-3B1C-8BF4-8EE3F9DB2DBA}
	EndProjectSection
EndProject
Project("{8BC9CEB8-8B4A-11D0-8D11-00A0C91BC942}") = "bench_ep", "bench\bench_ep.vcxproj", "{43F1D7D9-90D9-36A1-A174-1F370F443620}"
	ProjectSection(ProjectDependencies) = postProject
		{7D232DDC-8386-3B1C-8BF4-8EE3F9DB2DBA} = {7D232DDC-8386-3B1C-8BF4-8EE3F9DB2DBA}
	EndProjectSection
EndProject
Project("{8BC9CEB8-8B4A-11D0-8D11-00A0C91BC942}") = "bench_epx", "bench\bench_epx.vcxproj", "{D89B467E-F5FF-33D7-A88C-198ECC5DC1A6}"
	ProjectSection(ProjectDependencies) = postProject
		{7D232DDC-8386-3B1C-8BF4-8EE3F9DB2DBA} = {7D232DDC-8386-3B1C-8BF4-8EE3F9DB2DBA}
	EndProjectSection
EndProject
Project("{8BC9CEB8-8B4A-11D0-8D11-00A0C91BC942}") = "bench_err", "bench\bench_err.vcxproj", "{1605E827-BFD2-30AF-9AE8-052672F284F8}"
	ProjectSection(ProjectDependencies) = postProject
		{7D232DDC-8386-3B1C-8BF4-8EE3F9DB2DBA} = {7D232DDC-8386-3B1C-8BF4-8EE3F9DB2DBA}
	EndProjectSection
EndProject
Project("{8BC9CEB8-8B4A-11D0-8D11-00A0C91BC942}") = "bench_fb", "bench\bench_fb.vcxproj", "{B2CEF664-A7B7-30BD-B9B2-B1CCEBD426DC}"
	ProjectSection(ProjectDependencies) = postProject
		{7D232DDC-8386-3B1C-8BF4-8EE3F9DB2DBA} = {7D232DDC-8386-3B1C-8BF4-8EE3F9DB2DBA}
	EndProjectSection
EndProject
Project("{8BC9CEB8-8B4A-11D0-8D11-00A0C91BC942}") = "bench_fbx", "bench\bench_fbx.vcxproj", "{D339DE05-D18D-39A3-AAB8-206045202AE8}"
	ProjectSection(ProjectDependencies) = postProject
		{7D232DDC-8386-3B1C-8BF4-8EE3F9DB2DBA} = {7D232DDC-8386-3B1C-8BF4-8EE3F9DB2DBA}
	EndProjectSection
EndProject
Project("{8BC9CEB8-8B4A-11D0-8D11-00A0C91BC942}") = "bench_fp", "bench\bench_fp.vcxproj", "{B6A7BA21-EADA-34C0-A81A-2B601D9F61DF}"
	ProjectSection(ProjectDependencies) = postProject
		{7D232DDC-8386-3B1C-8BF4-8EE3F9DB2DBA} = {7D232DDC-8386-3B1C-8BF4-8EE3F9DB2DBA}
	EndProjectSection
EndProject
Project("{8BC9CEB8-8B4A-11D0-8D11-00A0C91BC942}") = "bench_fpx", "bench\bench_fpx.vcxproj", "{334A2422-8424-3345-99D9-7D41B8FF478C}"
	ProjectSection(ProjectDependencies) = postProject
		{7D232DDC-8386-3B1C-8BF4-8EE3F9DB2DBA} = {7D232DDC-8386-3B1C-8BF4-8EE3F9DB2DBA}
	EndProjectSection
EndProject
Project("{8BC9CEB8-8B4A-11D0-8D11-00A0C91BC942}") = "bench_pc", "bench\bench_pc.vcxproj", "{1EC71F78-8C76-38B9-B631-07F2778727B5}"
	ProjectSection(ProjectDependencies) = postProject
		{7D232DDC-8386-3B1C-8BF4-8EE3F9DB2DBA} = {7D232DDC-8386-3B1C-8BF4-8EE3F9DB2DBA}
	EndProjectSection
EndProject
Project("{8BC9CEB8-8B4A-11D0-8D11-00A0C91BC942}") = "bench_pp", "bench\bench_pp.vcxproj", "{8AAFD51A-63EB-3AC9-9B4F-ACA4B250EBC6}"
	ProjectSection(ProjectDependencies) = postProject
		{7D232DDC-8386-3B1C-8BF4-8EE3F9DB2DBA} = {7D232DDC-8386-3B1C-8BF4-8EE3F9DB2DBA}
	EndProjectSection
EndProject
Project("{8BC9CEB8-8B4A-11D0-8D11-00A0C91BC942}") = "bench_rand", "bench\bench_rand.vcxproj", "{4E9389DA-5308-3C65-8893-5D5F25883AD0}"
	ProjectSection(ProjectDependencies) = postProject
		{7D232DDC-8386-3B1C-8BF4-8EE3F9DB2DBA} = {7D232DDC-8386-3B1C-8BF4-8EE3F9DB2DBA}
	EndProjectSection
EndProject
Project("{8BC9CEB8-8B4A-11D0-8D11-00A0C91BC942}") = "relic", "src\relic.vcxproj", "{5D8E6061-5D47-39B4-AAAD-10A6196A0990}"
EndProject
Project("{8BC9CEB8-8B4A-11D0-8D11-00A0C91BC942}") = "relic_s", "src\relic_s.vcxproj", "{7D232DDC-8386-3B1C-8BF4-8EE3F9DB2DBA}"
	ProjectSection(ProjectDependencies) = postProject
		{5D8E6061-5D47-39B4-AAAD-10A6196A0990} = {5D8E6061-5D47-39B4-AAAD-10A6196A0990}
	EndProjectSection
EndProject
Project("{8BC9CEB8-8B4A-11D0-8D11-00A0C91BC942}") = "test_bn", "test\test_bn.vcxproj", "{A3F00A92-6BC0-35D4-A88E-2D2C66D55B6E}"
	ProjectSection(ProjectDependencies) = postProject
		{7D232DDC-8386-3B1C-8BF4-8EE3F9DB2DBA} = {7D232DDC-8386-3B1C-8BF4-8EE3F9DB2DBA}
	EndProjectSection
EndProject
Project("{8BC9CEB8-8B4A-11D0-8D11-00A0C91BC942}") = "test_core", "test\test_core.vcxproj", "{FA16559A-C3D0-3D55-A56C-59AA75FFC93B}"
	ProjectSection(ProjectDependencies) = postProject
		{7D232DDC-8386-3B1C-8BF4-8EE3F9DB2DBA} = {7D232DDC-8386-3B1C-8BF4-8EE3F9DB2DBA}
	EndProjectSection
EndProject
Project("{8BC9CEB8-8B4A-11D0-8D11-00A0C91BC942}") = "test_cp", "test\test_cp.vcxproj", "{5AE7725A-47DF-30A0-B9D5-520B585367E8}"
	ProjectSection(ProjectDependencies) = postProject
		{7D232DDC-8386-3B1C-8BF4-8EE3F9DB2DBA} = {7D232DDC-8386-3B1C-8BF4-8EE3F9DB2DBA}
	EndProjectSection
EndProject
Project("{8BC9CEB8-8B4A-11D0-8D11-00A0C91BC942}") = "test_dv", "test\test_dv.vcxproj", "{E026BAD6-FFF1-3BC3-B512-E57114AFB452}"
	ProjectSection(ProjectDependencies) = postProject
		{7D232DDC-8386-3B1C-8BF4-8EE3F9DB2DBA} = {7D232DDC-8386-3B1C-8BF4-8EE3F9DB2DBA}
	EndProjectSection
EndProject
Project("{8BC9CEB8-8B4A-11D0-8D11-00A0C91BC942}") = "test_eb", "test\test_eb.vcxproj", "{3FEB51EA-8A18-3CBC-AAE0-EA14505473A4}"
	ProjectSection(ProjectDependencies) = postProject
		{7D232DDC-8386-3B1C-8BF4-8EE3F9DB2DBA} = {7D232DDC-8386-3B1C-8BF4-8EE3F9DB2DBA}
	EndProjectSection
EndProject
Project("{8BC9CEB8-8B4A-11D0-8D11-00A0C91BC942}") = "test_ec", "test\test_ec.vcxproj", "{77D42744-8065-3FDB-90DF-B78DFD7C976B}"
	ProjectSection(ProjectDependencies) = postProject
		{7D232DDC-8386-3B1C-8BF4-8EE3F9DB2DBA} = {7D232DDC-8386-3B1C-8BF4-8EE3F9DB2DBA}
	EndProjectSection
EndProject
Project("{8BC9CEB8-8B4A-11D0-8D11-00A0C91BC942}") = "test_ed", "test\test_ed.vcxproj", "{DF04913C-2C96-3C56-BC42-B400B0440581}"
	ProjectSection(ProjectDependencies) = postProject
		{7D232DDC-8386-3B1C-8BF4-8EE3F9DB2DBA} = {7D232DDC-8386-3B1C-8BF4-8EE3F9DB2DBA}
	EndProjectSection
EndProject
Project("{8BC9CEB8-8B4A-11D0-8D11-00A0C91BC942}") = "test_ep", "test\test_ep.vcxproj", "{E5CA359E-0987-390D-B326-F35631E2C9F4}"
	ProjectSection(ProjectDependencies) = postProject
		{7D232DDC-8386-3B1C-8BF4-8EE3F9DB2DBA} = {7D232DDC-8386-3B1C-8BF4-8EE3F9DB2DBA}
	EndProjectSection
EndProject
Project("{8BC9CEB8-8B4A-11D0-8D11-00A0C91BC942}") = "test_epx", "test\test_epx.vcxproj", "{2F46B5B6-3D38-3C3C-B7C1-94338C7833C6}"
	ProjectSection(ProjectDependencies) = postProject
		{7D232DDC-8386-3B1C-8BF4-8EE3F9DB2DBA} = {7D232DDC-8386-3B1C-8BF4-8EE3F9DB2DBA}
	EndProjectSection
EndProject
Project("{8BC9CEB8-8B4A-11D0-8D11-00A0C91BC942}") = "test_err", "test\test_err.vcxproj", "{95971808-8B4E-3F2B-93B6-854154DC9A53}"
	ProjectSection(ProjectDependencies) = postProject
		{7D232DDC-8386-3B1C-8BF4-8EE3F9DB2DBA} = {7D232DDC-8386-3B1C-8BF4-8EE3F9DB2DBA}
	EndProjectSection
EndProject
Project("{8BC9CEB8-8B4A-11D0-8D11-00A0C91BC942}") = "test_fb", "test\test_fb.vcxproj", "{176C8D84-E381-3C6C-A471-DD0F14DFFE21}"
	ProjectSection(ProjectDependencies) = postProject
		{7D232DDC-8386-3B1C-8BF4-8EE3F9DB2DBA} = {7D232DDC-8386-3B1C-8BF4-8EE3F9DB2DBA}
	EndProjectSection
EndProject
Project("{8BC9CEB8-8B4A-11D0-8D11-00A0C91BC942}") = "test_fbx", "test\test_fbx.vcxproj", "{A72D6DE4-2176-399D-8EB1-30230EB9AEC0}"
	ProjectSection(ProjectDependencies) = postProject
		{7D232DDC-8386-3B1C-8BF4-8EE3F9DB2DBA} = {7D232DDC-8386-3B1C-8BF4-8EE3F9DB2DBA}
	EndProjectSection
EndProject
Project("{8BC9CEB8-8B4A-11D0-8D11-00A0C91BC942}") = "test_fp", "test\test_fp.vcxproj", "{5AC46381-8B1A-30F0-92FB-ED8A01E6D69C}"
	ProjectSection(ProjectDependencies) = postProject
		{7D232DDC-8386-3B1C-8BF4-8EE3F9DB2DBA} = {7D232DDC-8386-3B1C-8BF4-8EE3F9DB2DBA}
	EndProjectSection
EndProject
Project("{8BC9CEB8-8B4A-11D0-8D11-00A0C91BC942}") = "test_fpx", "test\test_fpx.vcxproj", "{010F69CE-EF07-3617-8563-6C67F3F05B57}"
	ProjectSection(ProjectDependencies) = postProject
		{7D232DDC-8386-3B1C-8BF4-8EE3F9DB2DBA} = {7D232DDC-8386-3B1C-8BF4-8EE3F9DB2DBA}
	EndProjectSection
EndProject
Project("{8BC9CEB8-8B4A-11D0-8D11-00A0C91BC942}") = "test_md", "test\test_md.vcxproj", "{1FF46CF2-7AB9-323C-97A0-3650717C09F9}"
	ProjectSection(ProjectDependencies) = postProject
		{7D232DDC-8386-3B1C-8BF4-8EE3F9DB2DBA} = {7D232DDC-8386-3B1C-8BF4-8EE3F9DB2DBA}
	EndProjectSection
EndProject
Project("{8BC9CEB8-8B4A-11D0-8D11-00A0C91BC942}") = "test_pc", "test\test_pc.vcxproj", "{B38110A8-4FBC-3524-8190-78B4866F7A72}"
	ProjectSection(ProjectDependencies) = postProject
		{7D232DDC-8386-3B1C-8BF4-8EE3F9DB2DBA} = {7D232DDC-8386-3B1C-8BF4-8EE3F9DB2DBA}
	EndProjectSection
EndProject
Project("{8BC9CEB8-8B4A-11D0-8D11-00A0C91BC942}") = "test_pp", "test\test_pp.vcxproj", "{E3DA8095-C2BC-3D27-B15F-EA78D8C57285}"
	ProjectSection(ProjectDependencies) = postProject
		{7D232DDC-8386-3B1C-8BF4-8EE3F9DB2DBA} = {7D232DDC-8386-3B1C-8BF4-8EE3F9DB2DBA}
	EndProjectSection
EndProject
Project("{8BC9CEB8-8B4A-11D0-8D11-00A0C91BC942}") = "test_rand", "test\test_rand.vcxproj", "{12C0435C-7056-3FAF-BE5D-677A5DDFEDA0}"
	ProjectSection(ProjectDependencies) = postProject
		{7D232DDC-8386-3B1C-8BF4-8EE3F9DB2DBA} = {7D232DDC-8386-3B1C-8BF4-8EE3F9DB2DBA}
	EndProjectSection
EndProject
Project("{8BC9CEB8-8B4A-11D0-8D11-00A0C91BC942}") = "anonize2", "src\anonize2.vcxproj", "{036E1F3F-A7C4-4B2A-9165-F9766FD4B8AA}"
EndProject
Project("{8BC9CEB8-8B4A-11D0-8D11-00A0C91BC942}") = "anontest", "src\anontest.vcxproj", "{88F0F1D3-1CEE-469C-A052-9FA7F838CB81}"
EndProject
Global
	GlobalSection(SolutionConfigurationPlatforms) = preSolution
		Debug|Win32 = Debug|Win32
		Debug|x64 = Debug|x64
		Release|Win32 = Release|Win32
		Release|x64 = Release|x64
	EndGlobalSection
	GlobalSection(ProjectConfigurationPlatforms) = postSolution
		{8302D57E-971D-31E3-A19C-4E0B8CA2ED15}.Debug|Win32.ActiveCfg = Debug|Win32
		{8302D57E-971D-31E3-A19C-4E0B8CA2ED15}.Debug|Win32.Build.0 = Debug|Win32
		{8302D57E-971D-31E3-A19C-4E0B8CA2ED15}.Debug|x64.ActiveCfg = Debug|x64
		{8302D57E-971D-31E3-A19C-4E0B8CA2ED15}.Debug|x64.Build.0 = Debug|x64
		{8302D57E-971D-31E3-A19C-4E0B8CA2ED15}.Release|Win32.ActiveCfg = Release|Win32
		{8302D57E-971D-31E3-A19C-4E0B8CA2ED15}.Release|Win32.Build.0 = Release|Win32
		{8302D57E-971D-31E3-A19C-4E0B8CA2ED15}.Release|x64.ActiveCfg = Release|x64
		{8302D57E-971D-31E3-A19C-4E0B8CA2ED15}.Release|x64.Build.0 = Release|x64
		{F5082558-5E55-3CE0-B798-BF7B1A8AF37B}.Debug|Win32.ActiveCfg = Debug|Win32
		{F5082558-5E55-3CE0-B798-BF7B1A8AF37B}.Debug|Win32.Build.0 = Debug|Win32
		{F5082558-5E55-3CE0-B798-BF7B1A8AF37B}.Debug|x64.ActiveCfg = Debug|x64
		{F5082558-5E55-3CE0-B798-BF7B1A8AF37B}.Debug|x64.Build.0 = Debug|x64
		{F5082558-5E55-3CE0-B798-BF7B1A8AF37B}.Release|Win32.ActiveCfg = Release|Win32
		{F5082558-5E55-3CE0-B798-BF7B1A8AF37B}.Release|Win32.Build.0 = Release|Win32
		{F5082558-5E55-3CE0-B798-BF7B1A8AF37B}.Release|x64.ActiveCfg = Release|x64
		{F5082558-5E55-3CE0-B798-BF7B1A8AF37B}.Release|x64.Build.0 = Release|x64
		{A864436F-5C06-348D-B32D-0CDB3E5D3CCF}.Debug|Win32.ActiveCfg = Debug|Win32
		{A864436F-5C06-348D-B32D-0CDB3E5D3CCF}.Debug|Win32.Build.0 = Debug|Win32
		{A864436F-5C06-348D-B32D-0CDB3E5D3CCF}.Debug|x64.ActiveCfg = Debug|x64
		{A864436F-5C06-348D-B32D-0CDB3E5D3CCF}.Debug|x64.Build.0 = Debug|x64
		{A864436F-5C06-348D-B32D-0CDB3E5D3CCF}.Release|Win32.ActiveCfg = Release|Win32
		{A864436F-5C06-348D-B32D-0CDB3E5D3CCF}.Release|Win32.Build.0 = Release|Win32
		{A864436F-5C06-348D-B32D-0CDB3E5D3CCF}.Release|x64.ActiveCfg = Release|x64
		{A864436F-5C06-348D-B32D-0CDB3E5D3CCF}.Release|x64.Build.0 = Release|x64
		{4A81EDEC-066E-3650-969D-B3F3E782D32B}.Debug|Win32.ActiveCfg = Debug|Win32
		{4A81EDEC-066E-3650-969D-B3F3E782D32B}.Debug|Win32.Build.0 = Debug|Win32
		{4A81EDEC-066E-3650-969D-B3F3E782D32B}.Debug|x64.ActiveCfg = Debug|x64
		{4A81EDEC-066E-3650-969D-B3F3E782D32B}.Debug|x64.Build.0 = Debug|x64
		{4A81EDEC-066E-3650-969D-B3F3E782D32B}.Release|Win32.ActiveCfg = Release|Win32
		{4A81EDEC-066E-3650-969D-B3F3E782D32B}.Release|Win32.Build.0 = Release|Win32
		{4A81EDEC-066E-3650-969D-B3F3E782D32B}.Release|x64.ActiveCfg = Release|x64
		{4A81EDEC-066E-3650-969D-B3F3E782D32B}.Release|x64.Build.0 = Release|x64
		{CB14B71C-52C1-3EAA-81DF-09BEA3E748AC}.Debug|Win32.ActiveCfg = Debug|Win32
		{CB14B71C-52C1-3EAA-81DF-09BEA3E748AC}.Debug|Win32.Build.0 = Debug|Win32
		{CB14B71C-52C1-3EAA-81DF-09BEA3E748AC}.Debug|x64.ActiveCfg = Debug|x64
		{CB14B71C-52C1-3EAA-81DF-09BEA3E748AC}.Debug|x64.Build.0 = Debug|x64
		{CB14B71C-52C1-3EAA-81DF-09BEA3E748AC}.Release|Win32.ActiveCfg = Release|Win32
		{CB14B71C-52C1-3EAA-81DF-09BEA3E748AC}.Release|Win32.Build.0 = Release|Win32
		{CB14B71C-52C1-3EAA-81DF-09BEA3E748AC}.Release|x64.ActiveCfg = Release|x64
		{CB14B71C-52C1-3EAA-81DF-09BEA3E748AC}.Release|x64.Build.0 = Release|x64
		{8619FEFA-5767-3C9E-AFA0-4A72F90EE413}.Debug|Win32.ActiveCfg = Debug|Win32
		{8619FEFA-5767-3C9E-AFA0-4A72F90EE413}.Debug|Win32.Build.0 = Debug|Win32
		{8619FEFA-5767-3C9E-AFA0-4A72F90EE413}.Debug|x64.ActiveCfg = Debug|x64
		{8619FEFA-5767-3C9E-AFA0-4A72F90EE413}.Debug|x64.Build.0 = Debug|x64
		{8619FEFA-5767-3C9E-AFA0-4A72F90EE413}.Release|Win32.ActiveCfg = Release|Win32
		{8619FEFA-5767-3C9E-AFA0-4A72F90EE413}.Release|Win32.Build.0 = Release|Win32
		{8619FEFA-5767-3C9E-AFA0-4A72F90EE413}.Release|x64.ActiveCfg = Release|x64
		{8619FEFA-5767-3C9E-AFA0-4A72F90EE413}.Release|x64.Build.0 = Release|x64
		{43F1D7D9-90D9-36A1-A174-1F370F443620}.Debug|Win32.ActiveCfg = Debug|Win32
		{43F1D7D9-90D9-36A1-A174-1F370F443620}.Debug|Win32.Build.0 = Debug|Win32
		{43F1D7D9-90D9-36A1-A174-1F370F443620}.Debug|x64.ActiveCfg = Debug|x64
		{43F1D7D9-90D9-36A1-A174-1F370F443620}.Debug|x64.Build.0 = Debug|x64
		{43F1D7D9-90D9-36A1-A174-1F370F443620}.Release|Win32.ActiveCfg = Release|Win32
		{43F1D7D9-90D9-36A1-A174-1F370F443620}.Release|Win32.Build.0 = Release|Win32
		{43F1D7D9-90D9-36A1-A174-1F370F443620}.Release|x64.ActiveCfg = Release|x64
		{43F1D7D9-90D9-36A1-A174-1F370F443620}.Release|x64.Build.0 = Release|x64
		{D89B467E-F5FF-33D7-A88C-198ECC5DC1A6}.Debug|Win32.ActiveCfg = Debug|Win32
		{D89B467E-F5FF-33D7-A88C-198ECC5DC1A6}.Debug|Win32.Build.0 = Debug|Win32
		{D89B467E-F5FF-33D7-A88C-198ECC5DC1A6}.Debug|x64.ActiveCfg = Debug|x64
		{D89B467E-F5FF-33D7-A88C-198ECC5DC1A6}.Debug|x64.Build.0 = Debug|x64
		{D89B467E-F5FF-33D7-A88C-198ECC5DC1A6}.Release|Win32.ActiveCfg = Release|Win32
		{D89B467E-F5FF-33D7-A88C-198ECC5DC1A6}.Release|Win32.Build.0 = Release|Win32
		{D89B467E-F5FF-33D7-A88C-198ECC5DC1A6}.Release|x64.ActiveCfg = Release|x64
		{D89B467E-F5FF-33D7-A88C-198ECC5DC1A6}.Release|x64.Build.0 = Release|x64
		{1605E827-BFD2-30AF-9AE8-052672F284F8}.Debug|Win32.ActiveCfg = Debug|Win32
		{1605E827-BFD2-30AF-9AE8-052672F284F8}.Debug|Win32.Build.0 = Debug|Win32
		{1605E827-BFD2-30AF-9AE8-052672F284F8}.Debug|x64.ActiveCfg = Debug|x64
		{1605E827-BFD2-30AF-9AE8-052672F284F8}.Debug|x64.Build.0 = Debug|x64
		{1605E827-BFD2-30AF-9AE8-052672F284F8}.Release|Win32.ActiveCfg = Release|Win32
		{1605E827-BFD2-30AF-9AE8-052672F284F8}.Release|Win32.Build.0 = Release|Win32
		{1605E827-BFD2-30AF-9AE8-052672F284F8}.Release|x64.ActiveCfg = Release|x64
		{1605E827-BFD2-30AF-9AE8-052672F284F8}.Release|x64.Build.0 = Release|x64
		{B2CEF664-A7B7-30BD-B9B2-B1CCEBD426DC}.Debug|Win32.ActiveCfg = Debug|Win32
		{B2CEF664-A7B7-30BD-B9B2-B1CCEBD426DC}.Debug|Win32.Build.0 = Debug|Win32
		{B2CEF664-A7B7-30BD-B9B2-B1CCEBD426DC}.Debug|x64.ActiveCfg = Debug|x64
		{B2CEF664-A7B7-30BD-B9B2-B1CCEBD426DC}.Debug|x64.Build.0 = Debug|x64
		{B2CEF664-A7B7-30BD-B9B2-B1CCEBD426DC}.Release|Win32.ActiveCfg = Release|Win32
		{B2CEF664-A7B7-30BD-B9B2-B1CCEBD426DC}.Release|Win32.Build.0 = Release|Win32
		{B2CEF664-A7B7-30BD-B9B2-B1CCEBD426DC}.Release|x64.ActiveCfg = Release|x64
		{B2CEF664-A7B7-30BD-B9B2-B1CCEBD426DC}.Release|x64.Build.0 = Release|x64
		{D339DE05-D18D-39A3-AAB8-206045202AE8}.Debug|Win32.ActiveCfg = Debug|Win32
		{D339DE05-D18D-39A3-AAB8-206045202AE8}.Debug|Win32.Build.0 = Debug|Win32
		{D339DE05-D18D-39A3-AAB8-206045202AE8}.Debug|x64.ActiveCfg = Debug|x64
		{D339DE05-D18D-39A3-AAB8-206045202AE8}.Debug|x64.Build.0 = Debug|x64
		{D339DE05-D18D-39A3-AAB8-206045202AE8}.Release|Win32.ActiveCfg = Release|Win32
		{D339DE05-D18D-39A3-AAB8-206045202AE8}.Release|Win32.Build.0 = Release|Win32
		{D339DE05-D18D-39A3-AAB8-206045202AE8}.Release|x64.ActiveCfg = Release|x64
		{D339DE05-D18D-39A3-AAB8-206045202AE8}.Release|x64.Build.0 = Release|x64
		{B6A7BA21-EADA-34C0-A81A-2B601D9F61DF}.Debug|Win32.ActiveCfg = Debug|Win32
		{B6A7BA21-EADA-34C0-A81A-2B601D9F61DF}.Debug|Win32.Build.0 = Debug|Win32
		{B6A7BA21-EADA-34C0-A81A-2B601D9F61DF}.Debug|x64.ActiveCfg = Debug|x64
		{B6A7BA21-EADA-34C0-A81A-2B601D9F61DF}.Debug|x64.Build.0 = Debug|x64
		{B6A7BA21-EADA-34C0-A81A-2B601D9F61DF}.Release|Win32.ActiveCfg = Release|Win32
		{B6A7BA21-EADA-34C0-A81A-2B601D9F61DF}.Release|Win32.Build.0 = Release|Win32
		{B6A7BA21-EADA-34C0-A81A-2B601D9F61DF}.Release|x64.ActiveCfg = Release|x64
		{B6A7BA21-EADA-34C0-A81A-2B601D9F61DF}.Release|x64.Build.0 = Release|x64
		{334A2422-8424-3345-99D9-7D41B8FF478C}.Debug|Win32.ActiveCfg = Debug|Win32
		{334A2422-8424-3345-99D9-7D41B8FF478C}.Debug|Win32.Build.0 = Debug|Win32
		{334A2422-8424-3345-99D9-7D41B8FF478C}.Debug|x64.ActiveCfg = Debug|x64
		{334A2422-8424-3345-99D9-7D41B8FF478C}.Debug|x64.Build.0 = Debug|x64
		{334A2422-8424-3345-99D9-7D41B8FF478C}.Release|Win32.ActiveCfg = Release|Win32
		{334A2422-8424-3345-99D9-7D41B8FF478C}.Release|Win32.Build.0 = Release|Win32
		{334A2422-8424-3345-99D9-7D41B8FF478C}.Release|x64.ActiveCfg = Release|x64
		{334A2422-8424-3345-99D9-7D41B8FF478C}.Release|x64.Build.0 = Release|x64
		{1EC71F78-8C76-38B9-B631-07F2778727B5}.Debug|Win32.ActiveCfg = Debug|Win32
		{1EC71F78-8C76-38B9-B631-07F2778727B5}.Debug|Win32.Build.0 = Debug|Win32
		{1EC71F78-8C76-38B9-B631-07F2778727B5}.Debug|x64.ActiveCfg = Debug|x64
		{1EC71F78-8C76-38B9-B631-07F2778727B5}.Debug|x64.Build.0 = Debug|x64
		{1EC71F78-8C76-38B9-B631-07F2778727B5}.Release|Win32.ActiveCfg = Release|Win32
		{1EC71F78-8C76-38B9-B631-07F2778727B5}.Release|Win32.Build.0 = Release|Win32
		{1EC71F78-8C76-38B9-B631-07F2778727B5}.Release|x64.ActiveCfg = Release|x64
		{1EC71F78-8C76-38B9-B631-07F2778727B5}.Release|x64.Build.0 = Release|x64
		{8AAFD51A-63EB-3AC9-9B4F-ACA4B250EBC6}.Debug|Win32.ActiveCfg = Debug|Win32
		{8AAFD51A-63EB-3AC9-9B4F-ACA4B250EBC6}.Debug|Win32.Build.0 = Debug|Win32
		{8AAFD51A-63EB-3AC9-9B4F-ACA4B250EBC6}.Debug|x64.ActiveCfg = Debug|x64
		{8AAFD51A-63EB-3AC9-9B4F-ACA4B250EBC6}.Debug|x64.Build.0 = Debug|x64
		{8AAFD51A-63EB-3AC9-9B4F-ACA4B250EBC6}.Release|Win32.ActiveCfg = Release|Win32
		{8AAFD51A-63EB-3AC9-9B4F-ACA4B250EBC6}.Release|Win32.Build.0 = Release|Win32
		{8AAFD51A-63EB-3AC9-9B4F-ACA4B250EBC6}.Release|x64.ActiveCfg = Release|x64
		{8AAFD51A-63EB-3AC9-9B4F-ACA4B250EBC6}.Release|x64.Build.0 = Release|x64
		{4E9389DA-5308-3C65-8893-5D5F25883AD0}.Debug|Win32.ActiveCfg = Debug|Win32
		{4E9389DA-5308-3C65-8893-5D5F25883AD0}.Debug|Win32.Build.0 = Debug|Win32
		{4E9389DA-5308-3C65-8893-5D5F25883AD0}.Debug|x64.ActiveCfg = Debug|x64
		{4E9389DA-5308-3C65-8893-5D5F25883AD0}.Debug|x64.Build.0 = Debug|x64
		{4E9389DA-5308-3C65-8893-5D5F25883AD0}.Release|Win32.ActiveCfg = Release|Win32
		{4E9389DA-5308-3C65-8893-5D5F25883AD0}.Release|Win32.Build.0 = Release|Win32
		{4E9389DA-5308-3C65-8893-5D5F25883AD0}.Release|x64.ActiveCfg = Release|x64
		{4E9389DA-5308-3C65-8893-5D5F25883AD0}.Release|x64.Build.0 = Release|x64
		{5D8E6061-5D47-39B4-AAAD-10A6196A0990}.Debug|Win32.ActiveCfg = Debug|Win32
		{5D8E6061-5D47-39B4-AAAD-10A6196A0990}.Debug|Win32.Build.0 = Debug|Win32
		{5D8E6061-5D47-39B4-AAAD-10A6196A0990}.Debug|x64.ActiveCfg = Debug|x64
		{5D8E6061-5D47-39B4-AAAD-10A6196A0990}.Debug|x64.Build.0 = Debug|x64
		{5D8E6061-5D47-39B4-AAAD-10A6196A0990}.Release|Win32.ActiveCfg = Release|Win32
		{5D8E6061-5D47-39B4-AAAD-10A6196A0990}.Release|Win32.Build.0 = Release|Win32
		{5D8E6061-5D47-39B4-AAAD-10A6196A0990}.Release|x64.ActiveCfg = Release|x64
		{5D8E6061-5D47-39B4-AAAD-10A6196A0990}.Release|x64.Build.0 = Release|x64
		{7D232DDC-8386-3B1C-8BF4-8EE3F9DB2DBA}.Debug|Win32.ActiveCfg = Debug|Win32
		{7D232DDC-8386-3B1C-8BF4-8EE3F9DB2DBA}.Debug|Win32.Build.0 = Debug|Win32
		{7D232DDC-8386-3B1C-8BF4-8EE3F9DB2DBA}.Debug|x64.ActiveCfg = Debug|x64
		{7D232DDC-8386-3B1C-8BF4-8EE3F9DB2DBA}.Debug|x64.Build.0 = Debug|x64
		{7D232DDC-8386-3B1C-8BF4-8EE3F9DB2DBA}.Release|Win32.ActiveCfg = Release|Win32
		{7D232DDC-8386-3B1C-8BF4-8EE3F9DB2DBA}.Release|Win32.Build.0 = Release|Win32
		{7D232DDC-8386-3B1C-8BF4-8EE3F9DB2DBA}.Release|x64.ActiveCfg = Release|x64
		{7D232DDC-8386-3B1C-8BF4-8EE3F9DB2DBA}.Release|x64.Build.0 = Release|x64
		{A3F00A92-6BC0-35D4-A88E-2D2C66D55B6E}.Debug|Win32.ActiveCfg = Debug|Win32
		{A3F00A92-6BC0-35D4-A88E-2D2C66D55B6E}.Debug|Win32.Build.0 = Debug|Win32
		{A3F00A92-6BC0-35D4-A88E-2D2C66D55B6E}.Debug|x64.ActiveCfg = Debug|x64
		{A3F00A92-6BC0-35D4-A88E-2D2C66D55B6E}.Debug|x64.Build.0 = Debug|x64
		{A3F00A92-6BC0-35D4-A88E-2D2C66D55B6E}.Release|Win32.ActiveCfg = Release|Win32
		{A3F00A92-6BC0-35D4-A88E-2D2C66D55B6E}.Release|Win32.Build.0 = Release|Win32
		{A3F00A92-6BC0-35D4-A88E-2D2C66D55B6E}.Release|x64.ActiveCfg = Release|x64
		{A3F00A92-6BC0-35D4-A88E-2D2C66D55B6E}.Release|x64.Build.0 = Release|x64
		{FA16559A-C3D0-3D55-A56C-59AA75FFC93B}.Debug|Win32.ActiveCfg = Debug|Win32
		{FA16559A-C3D0-3D55-A56C-59AA75FFC93B}.Debug|Win32.Build.0 = Debug|Win32
		{FA16559A-C3D0-3D55-A56C-59AA75FFC93B}.Debug|x64.ActiveCfg = Debug|x64
		{FA16559A-C3D0-3D55-A56C-59AA75FFC93B}.Debug|x64.Build.0 = Debug|x64
		{FA16559A-C3D0-3D55-A56C-59AA75FFC93B}.Release|Win32.ActiveCfg = Release|Win32
		{FA16559A-C3D0-3D55-A56C-59AA75FFC93B}.Release|Win32.Build.0 = Release|Win32
		{FA16559A-C3D0-3D55-A56C-59AA75FFC93B}.Release|x64.ActiveCfg = Release|x64
		{FA16559A-C3D0-3D55-A56C-59AA75FFC93B}.Release|x64.Build.0 = Release|x64
		{5AE7725A-47DF-30A0-B9D5-520B585367E8}.Debug|Win32.ActiveCfg = Debug|Win32
		{5AE7725A-47DF-30A0-B9D5-520B585367E8}.Debug|Win32.Build.0 = Debug|Win32
		{5AE7725A-47DF-30A0-B9D5-520B585367E8}.Debug|x64.ActiveCfg = Debug|x64
		{5AE7725A-47DF-30A0-B9D5-520B585367E8}.Debug|x64.Build.0 = Debug|x64
		{5AE7725A-47DF-30A0-B9D5-520B585367E8}.Release|Win32.ActiveCfg = Release|Win32
		{5AE7725A-47DF-30A0-B9D5-520B585367E8}.Release|Win32.Build.0 = Release|Win32
		{5AE7725A-47DF-30A0-B9D5-520B585367E8}.Release|x64.ActiveCfg = Release|x64
		{5AE7725A-47DF-30A0-B9D5-520B585367E8}.Release|x64.Build.0 = Release|x64
		{E026BAD6-FFF1-3BC3-B512-E57114AFB452}.Debug|Win32.ActiveCfg = Debug|Win32
		{E026BAD6-FFF1-3BC3-B512-E57114AFB452}.Debug|Win32.Build.0 = Debug|Win32
		{E026BAD6-FFF1-3BC3-B512-E57114AFB452}.Debug|x64.ActiveCfg = Debug|x64
		{E026BAD6-FFF1-3BC3-B512-E57114AFB452}.Debug|x64.Build.0 = Debug|x64
		{E026BAD6-FFF1-3BC3-B512-E57114AFB452}.Release|Win32.ActiveCfg = Release|Win32
		{E026BAD6-FFF1-3BC3-B512-E57114AFB452}.Release|Win32.Build.0 = Release|Win32
		{E026BAD6-FFF1-3BC3-B512-E57114AFB452}.Release|x64.ActiveCfg = Release|x64
		{E026BAD6-FFF1-3BC3-B512-E57114AFB452}.Release|x64.Build.0 = Release|x64
		{3FEB51EA-8A18-3CBC-AAE0-EA14505473A4}.Debug|Win32.ActiveCfg = Debug|Win32
		{3FEB51EA-8A18-3CBC-AAE0-EA14505473A4}.Debug|Win32.Build.0 = Debug|Win32
		{3FEB51EA-8A18-3CBC-AAE0-EA14505473A4}.Debug|x64.ActiveCfg = Debug|x64
		{3FEB51EA-8A18-3CBC-AAE0-EA14505473A4}.Debug|x64.Build.0 = Debug|x64
		{3FEB51EA-8A18-3CBC-AAE0-EA14505473A4}.Release|Win32.ActiveCfg = Release|Win32
		{3FEB51EA-8A18-3CBC-AAE0-EA14505473A4}.Release|Win32.Build.0 = Release|Win32
		{3FEB51EA-8A18-3CBC-AAE0-EA14505473A4}.Release|x64.ActiveCfg = Release|x64
		{3FEB51EA-8A18-3CBC-AAE0-EA14505473A4}.Release|x64.Build.0 = Release|x64
		{77D42744-8065-3FDB-90DF-B78DFD7C976B}.Debug|Win32.ActiveCfg = Debug|Win32
		{77D42744-8065-3FDB-90DF-B78DFD7C976B}.Debug|Win32.Build.0 = Debug|Win32
		{77D42744-8065-3FDB-90DF-B78DFD7C976B}.Debug|x64.ActiveCfg = Debug|x64
		{77D42744-8065-3FDB-90DF-B78DFD7C976B}.Debug|x64.Build.0 = Debug|x64
		{77D42744-8065-3FDB-90DF-B78DFD7C976B}.Release|Win32.ActiveCfg = Release|Win32
		{77D42744-8065-3FDB-90DF-B78DFD7C976B}.Release|Win32.Build.0 = Release|Win32
		{77D42744-8065-3FDB-90DF-B78DFD7C976B}.Release|x64.ActiveCfg = Release|x64
		{77D42744-8065-3FDB-90DF-B78DFD7C976B}.Release|x64.Build.0 = Release|x64
		{DF04913C-2C96-3C56-BC42-B400B0440581}.Debug|Win32.ActiveCfg = Debug|Win32
		{DF04913C-2C96-3C56-BC42-B400B0440581}.Debug|Win32.Build.0 = Debug|Win32
		{DF04913C-2C96-3C56-BC42-B400B0440581}.Debug|x64.ActiveCfg = Debug|x64
		{DF04913C-2C96-3C56-BC42-B400B0440581}.Debug|x64.Build.0 = Debug|x64
		{DF04913C-2C96-3C56-BC42-B400B0440581}.Release|Win32.ActiveCfg = Release|Win32
		{DF04913C-2C96-3C56-BC42-B400B0440581}.Release|Win32.Build.0 = Release|Win32
		{DF04913C-2C96-3C56-BC42-B400B0440581}.Release|x64.ActiveCfg = Release|x64
		{DF04913C-2C96-3C56-BC42-B400B0440581}.Release|x64.Build.0 = Release|x64
		{E5CA359E-0987-390D-B326-F35631E2C9F4}.Debug|Win32.ActiveCfg = Debug|Win32
		{E5CA359E-0987-390D-B326-F35631E2C9F4}.Debug|Win32.Build.0 = Debug|Win32
		{E5CA359E-0987-390D-B326-F35631E2C9F4}.Debug|x64.ActiveCfg = Debug|x64
		{E5CA359E-0987-390D-B326-F35631E2C9F4}.Debug|x64.Build.0 = Debug|x64
		{E5CA359E-0987-390D-B326-F35631E2C9F4}.Release|Win32.ActiveCfg = Release|Win32
		{E5CA359E-0987-390D-B326-F35631E2C9F4}.Release|Win32.Build.0 = Release|Win32
		{E5CA359E-0987-390D-B326-F35631E2C9F4}.Release|x64.ActiveCfg = Release|x64
		{E5CA359E-0987-390D-B326-F35631E2C9F4}.Release|x64.Build.0 = Release|x64
		{2F46B5B6-3D38-3C3C-B7C1-94338C7833C6}.Debug|Win32.ActiveCfg = Debug|Win32
		{2F46B5B6-3D38-3C3C-B7C1-94338C7833C6}.Debug|Win32.Build.0 = Debug|Win32
		{2F46B5B6-3D38-3C3C-B7C1-94338C7833C6}.Debug|x64.ActiveCfg = Debug|x64
		{2F46B5B6-3D38-3C3C-B7C1-94338C7833C6}.Debug|x64.Build.0 = Debug|x64
		{2F46B5B6-3D38-3C3C-B7C1-94338C7833C6}.Release|Win32.ActiveCfg = Release|Win32
		{2F46B5B6-3D38-3C3C-B7C1-94338C7833C6}.Release|Win32.Build.0 = Release|Win32
		{2F46B5B6-3D38-3C3C-B7C1-94338C7833C6}.Release|x64.ActiveCfg = Release|x64
		{2F46B5B6-3D38-3C3C-B7C1-94338C7833C6}.Release|x64.Build.0 = Release|x64
		{95971808-8B4E-3F2B-93B6-854154DC9A53}.Debug|Win32.ActiveCfg = Debug|Win32
		{95971808-8B4E-3F2B-93B6-854154DC9A53}.Debug|Win32.Build.0 = Debug|Win32
		{95971808-8B4E-3F2B-93B6-854154DC9A53}.Debug|x64.ActiveCfg = Debug|x64
		{95971808-8B4E-3F2B-93B6-854154DC9A53}.Debug|x64.Build.0 = Debug|x64
		{95971808-8B4E-3F2B-93B6-854154DC9A53}.Release|Win32.ActiveCfg = Release|Win32
		{95971808-8B4E-3F2B-93B6-854154DC9A53}.Release|Win32.Build.0 = Release|Win32
		{95971808-8B4E-3F2B-93B6-854154DC9A53}.Release|x64.ActiveCfg = Release|x64
		{95971808-8B4E-3F2B-93B6-854154DC9A53}.Release|x64.Build.0 = Release|x64
		{176C8D84-E381-3C6C-A471-DD0F14DFFE21}.Debug|Win32.ActiveCfg = Debug|Win32
		{176C8D84-E381-3C6C-A471-DD0F14DFFE21}.Debug|Win32.Build.0 = Debug|Win32
		{176C8D84-E381-3C6C-A471-DD0F14DFFE21}.Debug|x64.ActiveCfg = Debug|x64
		{176C8D84-E381-3C6C-A471-DD0F14DFFE21}.Debug|x64.Build.0 = Debug|x64
		{176C8D84-E381-3C6C-A471-DD0F14DFFE21}.Release|Win32.ActiveCfg = Release|Win32
		{176C8D84-E381-3C6C-A471-DD0F14DFFE21}.Release|Win32.Build.0 = Release|Win32
		{176C8D84-E381-3C6C-A471-DD0F14DFFE21}.Release|x64.ActiveCfg = Release|x64
		{176C8D84-E381-3C6C-A471-DD0F14DFFE21}.Release|x64.Build.0 = Release|x64
		{A72D6DE4-2176-399D-8EB1-30230EB9AEC0}.Debug|Win32.ActiveCfg = Debug|Win32
		{A72D6DE4-2176-399D-8EB1-30230EB9AEC0}.Debug|Win32.Build.0 = Debug|Win32
		{A72D6DE4-2176-399D-8EB1-30230EB9AEC0}.Debug|x64.ActiveCfg = Debug|x64
		{A72D6DE4-2176-399D-8EB1-30230EB9AEC0}.Debug|x64.Build.0 = Debug|x64
		{A72D6DE4-2176-399D-8EB1-30230EB9AEC0}.Release|Win32.ActiveCfg = Release|Win32
		{A72D6DE4-2176-399D-8EB1-30230EB9AEC0}.Release|Win32.Build.0 = Release|Win32
		{A72D6DE4-2176-399D-8EB1-30230EB9AEC0}.Release|x64.ActiveCfg = Release|x64
		{A72D6DE4-2176-399D-8EB1-30230EB9AEC0}.Release|x64.Build.0 = Release|x64
		{5AC46381-8B1A-30F0-92FB-ED8A01E6D69C}.Debug|Win32.ActiveCfg = Debug|Win32
		{5AC46381-8B1A-30F0-92FB-ED8A01E6D69C}.Debug|Win32.Build.0 = Debug|Win32
		{5AC46381-8B1A-30F0-92FB-ED8A01E6D69C}.Debug|x64.ActiveCfg = Debug|x64
		{5AC46381-8B1A-30F0-92FB-ED8A01E6D69C}.Debug|x64.Build.0 = Debug|x64
		{5AC46381-8B1A-30F0-92FB-ED8A01E6D69C}.Release|Win32.ActiveCfg = Release|Win32
		{5AC46381-8B1A-30F0-92FB-ED8A01E6D69C}.Release|Win32.Build.0 = Release|Win32
		{5AC46381-8B1A-30F0-92FB-ED8A01E6D69C}.Release|x64.ActiveCfg = Release|x64
		{5AC46381-8B1A-30F0-92FB-ED8A01E6D69C}.Release|x64.Build.0 = Release|x64
		{010F69CE-EF07-3617-8563-6C67F3F05B57}.Debug|Win32.ActiveCfg = Debug|Win32
		{010F69CE-EF07-3617-8563-6C67F3F05B57}.Debug|Win32.Build.0 = Debug|Win32
		{010F69CE-EF07-3617-8563-6C67F3F05B57}.Debug|x64.ActiveCfg = Debug|x64
		{010F69CE-EF07-3617-8563-6C67F3F05B57}.Debug|x64.Build.0 = Debug|x64
		{010F69CE-EF07-3617-8563-6C67F3F05B57}.Release|Win32.ActiveCfg = Release|Win32
		{010F69CE-EF07-3617-8563-6C67F3F05B57}.Release|Win32.Build.0 = Release|Win32
		{010F69CE-EF07-3617-8563-6C67F3F05B57}.Release|x64.ActiveCfg = Release|x64
		{010F69CE-EF07-3617-8563-6C67F3F05B57}.Release|x64.Build.0 = Release|x64
		{1FF46CF2-7AB9-323C-97A0-3650717C09F9}.Debug|Win32.ActiveCfg = Debug|Win32
		{1FF46CF2-7AB9-323C-97A0-3650717C09F9}.Debug|Win32.Build.0 = Debug|Win32
		{1FF46CF2-7AB9-323C-97A0-3650717C09F9}.Debug|x64.ActiveCfg = Debug|x64
		{1FF46CF2-7AB9-323C-97A0-3650717C09F9}.Debug|x64.Build.0 = Debug|x64
		{1FF46CF2-7AB9-323C-97A0-3650717C09F9}.Release|Win32.ActiveCfg = Release|Win32
		{1FF46CF2-7AB9-323C-97A0-3650717C09F9}.Release|Win32.Build.0 = Release|Win32
		{1FF46CF2-7AB9-323C-97A0-3650717C09F9}.Release|x64.ActiveCfg = Release|x64
		{1FF46CF2-7AB9-323C-97A0-3650717C09F9}.Release|x64.Build.0 = Release|x64
		{B38110A8-4FBC-3524-8190-78B4866F7A72}.Debug|Win32.ActiveCfg = Debug|Win32
		{B38110A8-4FBC-3524-8190-78B4866F7A72}.Debug|Win32.Build.0 = Debug|Win32
		{B38110A8-4FBC-3524-8190-78B4866F7A72}.Debug|x64.ActiveCfg = Debug|x64
		{B38110A8-4FBC-3524-8190-78B4866F7A72}.Debug|x64.Build.0 = Debug|x64
		{B38110A8-4FBC-3524-8190-78B4866F7A72}.Release|Win32.ActiveCfg = Release|Win32
		{B38110A8-4FBC-3524-8190-78B4866F7A72}.Release|Win32.Build.0 = Release|Win32
		{B38110A8-4FBC-3524-8190-78B4866F7A72}.Release|x64.ActiveCfg = Release|x64
		{B38110A8-4FBC-3524-8190-78B4866F7A72}.Release|x64.Build.0 = Release|x64
		{E3DA8095-C2BC-3D27-B15F-EA78D8C57285}.Debug|Win32.ActiveCfg = Debug|Win32
		{E3DA8095-C2BC-3D27-B15F-EA78D8C57285}.Debug|Win32.Build.0 = Debug|Win32
		{E3DA8095-C2BC-3D27-B15F-EA78D8C57285}.Debug|x64.ActiveCfg = Debug|x64
		{E3DA8095-C2BC-3D27-B15F-EA78D8C57285}.Debug|x64.Build.0 = Debug|x64
		{E3DA8095-C2BC-3D27-B15F-EA78D8C57285}.Release|Win32.ActiveCfg = Release|Win32
		{E3DA8095-C2BC-3D27-B15F-EA78D8C57285}.Release|Win32.Build.0 = Release|Win32
		{E3DA8095-C2BC-3D27-B15F-EA78D8C57285}.Release|x64.ActiveCfg = Release|x64
		{E3DA8095-C2BC-3D27-B15F-EA78D8C57285}.Release|x64.Build.0 = Release|x64
		{12C0435C-7056-3FAF-BE5D-677A5DDFEDA0}.Debug|Win32.ActiveCfg = Debug|Win32
		{12C0435C-7056-3FAF-BE5D-677A5DDFEDA0}.Debug|Win32.Build.0 = Debug|Win32
		{12C0435C-7056-3FAF-BE5D-677A5DDFEDA0}.Debug|x64.ActiveCfg = Debug|x64
		{12C0435C-7056-3FAF-BE5D-677A5DDFEDA0}.Debug|x64.Build.0 = Debug|x64
		{12C0435C-7056-3FAF-BE5D-677A5DDFEDA0}.Release|Win32.ActiveCfg = Release|Win32
		{12C0435C-7056-3FAF-BE5D-677A5DDFEDA0}.Release|Win32.Build.0 = Release|Win32
		{12C0435C-7056-3FAF-BE5D-677A5DDFEDA0}.Release|x64.ActiveCfg = Release|x64
		{12C0435C-7056-3FAF-BE5D-677A5DDFEDA0}.Release|x64.Build.0 = Release|x64
		{036E1F3F-A7C4-4B2A-9165-F9766FD4B8AA}.Debug|Win32.ActiveCfg = Debug|Win32
		{036E1F3F-A7C4-4B2A-9165-F9766FD4B8AA}.Debug|Win32.Build.0 = Debug|Win32
		{036E1F3F-A7C4-4B2A-9165-F9766FD4B8AA}.Debug|x64.ActiveCfg = Debug|x64
		{036E1F3F-A7C4-4B2A-9165-F9766FD4B8AA}.Debug|x64.Build.0 = Debug|x64
		{036E1F3F-A7C4-4B2A-9165-F9766FD4B8AA}.Release|Win32.ActiveCfg = Release|Win32
		{036E1F3F-A7C4-4B2A-9165-F9766FD4B8AA}.Release|Win32.Build.0 = Release|Win32
		{036E1F3F-A7C4-4B2A-9165-F9766FD4B8AA}.Release|x64.ActiveCfg = Release|x64
		{036E1F3F-A7C4-4B2A-9165-F9766FD4B8AA}.Release|x64.Build.0 = Release|x64
		{88F0F1D3-1CEE-469C-A052-9FA7F838CB81}.Debug|Win32.ActiveCfg = Debug|Win32
		{88F0F1D3-1CEE-469C-A052-9FA7F838CB81}.Debug|Win32.Build.0 = Debug|Win32
		{88F0F1D3-1CEE-469C-A052-9FA7F838CB81}.Debug|x64.ActiveCfg = Debug|x64
		{88F0F1D3-1CEE-469C-A052-9FA7F838CB81}.Debug|x64.Build.0 = Debug|x64
		{88F0F1D3-1CEE-469C-A052-9FA7F838CB81}.Release|Win32.ActiveCfg = Release|Win32
		{88F0F1D3-1CEE-469C-A052-9FA7F838CB81}.Release|Win32.Build.0 = Release|Win32
		{88F0F1D3-1CEE-469C-A052-9FA7F838CB81}.Release|x64.ActiveCfg = Release|x64
		{88F0F1D3-1CEE-469C-A052-9FA7F838CB81}.Release|x64.Build.0 = Release|x64
	EndGlobalSection
	GlobalSection(SolutionProperties) = preSolution
		HideSolutionNode = FALSE
	EndGlobalSection
	GlobalSection(ExtensibilityGlobals) = postSolution
		SolutionGuid = {EA28D66E-DBA3-371D-89BC-BB8194403515}
	EndGlobalSection
EndGlobal
